
Microsoft Visual Studio Solution File, Format Version 12.00
# Visual Studio Version 17
VisualStudioVersion = 17.5.33502.453
MinimumVisualStudioVersion = 10.0.40219.1
Project("{FAE04EC0-301F-11D3-BF4B-00C04F79EFBC}") = "ProtectedDataWrapper", "ProtectedDataWrapper.csproj", "{DDB5BA81-DB7C-47AF-A30C-5787BB0947C5}"
EndProject
Global
	GlobalSection(SolutionConfigurationPlatforms) = preSolution
		Debug|Any CPU = Debug|Any CPU
		Release|Any CPU = Release|Any CPU
	EndGlobalSection
	GlobalSection(ProjectConfigurationPlatforms) = postSolution
		{DDB5BA81-DB7C-47AF-A30C-5787BB0947C5}.Debug|Any CPU.ActiveCfg = Debug|Any CPU
		{DDB5BA81-DB7C-47AF-A30C-5787BB0947C5}.Debug|Any CPU.Build.0 = Debug|Any CPU
		{DDB5BA81-DB7C-47AF-A30C-5787BB0947C5}.Release|Any CPU.ActiveCfg = Release|Any CPU
		{DDB5BA81-DB7C-47AF-A30C-5787BB0947C5}.Release|Any CPU.Build.0 = Release|Any CPU
	EndGlobalSection
	GlobalSection(SolutionProperties) = preSolution
		HideSolutionNode = FALSE
	EndGlobalSection
	GlobalSection(ExtensibilityGlobals) = postSolution
		SolutionGuid = {FCE2EEF7-701F-4B08-8D85-126EC1D8628E}
	EndGlobalSection
EndGlobal
